
Microsoft Visual Studio Solution File, Format Version 12.00
# Visual Studio Version 17
VisualStudioVersion = 17.4.33213.308
MinimumVisualStudioVersion = 10.0.40219.1
Project("{FAE04EC0-301F-11D3-BF4B-00C04F79EFBC}") = "Scraping", "Scraping\Scraping.csproj", "{9DD630A4-8CA5-4C6A-9614-DDA394BA2B65}"
EndProject
Global
	GlobalSection(SolutionConfigurationPlatforms) = preSolution
		Debug|Any CPU = Debug|Any CPU
		Release|Any CPU = Release|Any CPU
	EndGlobalSection
	GlobalSection(ProjectConfigurationPlatforms) = postSolution
		{9DD630A4-8CA5-4C6A-9614-DDA394BA2B65}.Debug|Any CPU.ActiveCfg = Debug|Any CPU
		{9DD630A4-8CA5-4C6A-9614-DDA394BA2B65}.Debug|Any CPU.Build.0 = Debug|Any CPU
		{9DD630A4-8CA5-4C6A-9614-DDA394BA2B65}.Release|Any CPU.ActiveCfg = Release|Any CPU
		{9DD630A4-8CA5-4C6A-9614-DDA394BA2B65}.Release|Any CPU.Build.0 = Release|Any CPU
	EndGlobalSection
	GlobalSection(SolutionProperties) = preSolution
		HideSolutionNode = FALSE
	EndGlobalSection
	GlobalSection(ExtensibilityGlobals) = postSolution
		SolutionGuid = {C31CF855-EBD5-4932-9B56-3BD1BF710F8A}
	EndGlobalSection
EndGlobal
